{
    "_meta": {
        "hash": {
            "sha256": "d604392833798fb2375410be946e6cf4d7c27e752a335378bfceeaad09bac943"
        },
        "pipfile-spec": 6,
        "requires": {
            "python_version": "3.9"
        },
        "sources": [
            {
                "name": "pypi",
                "url": "https://pypi.org/simple",
                "verify_ssl": true
            }
        ]
    },
    "default": {
        "aniso8601": {
            "hashes": [
                "sha256:529dcb1f5f26ee0df6c0a1ee84b7b27197c3c50fc3a6321d66c544689237d072",
                "sha256:c033f63d028b9a58e3ab0c2c7d0532ab4bfa7452bfc788fbfe3ddabd327b181a"
            ],
            "index": "pypi",
            "version": "==8.0.0"
        },
        "certifi": {
            "hashes": [
                "sha256:35824b4c3a97115964b408844d64aa14db1cc518f6562e8d7261699d1350a9e3",
                "sha256:4ad3232f5e926d6718ec31cfc1fcadfde020920e278684144551c91769c7bc18"
            ],
            "markers": "python_version >= '3.6'",
            "version": "==2022.12.7"
        },
        "charset-normalizer": {
            "hashes": [
                "sha256:00d3ffdaafe92a5dc603cb9bd5111aaa36dfa187c8285c543be562e61b755f6b",
                "sha256:024e606be3ed92216e2b6952ed859d86b4cfa52cd5bc5f050e7dc28f9b43ec42",
                "sha256:0298eafff88c99982a4cf66ba2efa1128e4ddaca0b05eec4c456bbc7db691d8d",
                "sha256:02a51034802cbf38db3f89c66fb5d2ec57e6fe7ef2f4a44d070a593c3688667b",
                "sha256:083c8d17153ecb403e5e1eb76a7ef4babfc2c48d58899c98fcaa04833e7a2f9a",
                "sha256:0a11e971ed097d24c534c037d298ad32c6ce81a45736d31e0ff0ad37ab437d59",
                "sha256:0bf2dae5291758b6f84cf923bfaa285632816007db0330002fa1de38bfcb7154",
                "sha256:0c0a590235ccd933d9892c627dec5bc7511ce6ad6c1011fdf5b11363022746c1",
                "sha256:0f438ae3532723fb6ead77e7c604be7c8374094ef4ee2c5e03a3a17f1fca256c",
                "sha256:109487860ef6a328f3eec66f2bf78b0b72400280d8f8ea05f69c51644ba6521a",
                "sha256:11b53acf2411c3b09e6af37e4b9005cba376c872503c8f28218c7243582df45d",
                "sha256:12db3b2c533c23ab812c2b25934f60383361f8a376ae272665f8e48b88e8e1c6",
                "sha256:14e76c0f23218b8f46c4d87018ca2e441535aed3632ca134b10239dfb6dadd6b",
                "sha256:16a8663d6e281208d78806dbe14ee9903715361cf81f6d4309944e4d1e59ac5b",
                "sha256:292d5e8ba896bbfd6334b096e34bffb56161c81408d6d036a7dfa6929cff8783",
                "sha256:2c03cc56021a4bd59be889c2b9257dae13bf55041a3372d3295416f86b295fb5",
                "sha256:2e396d70bc4ef5325b72b593a72c8979999aa52fb8bcf03f701c1b03e1166918",
                "sha256:2edb64ee7bf1ed524a1da60cdcd2e1f6e2b4f66ef7c077680739f1641f62f555",
                "sha256:31a9ddf4718d10ae04d9b18801bd776693487cbb57d74cc3458a7673f6f34639",
                "sha256:356541bf4381fa35856dafa6a965916e54bed415ad8a24ee6de6e37deccf2786",
                "sha256:358a7c4cb8ba9b46c453b1dd8d9e431452d5249072e4f56cfda3149f6ab1405e",
                "sha256:37f8febc8ec50c14f3ec9637505f28e58d4f66752207ea177c1d67df25da5aed",
                "sha256:39049da0ffb96c8cbb65cbf5c5f3ca3168990adf3551bd1dee10c48fce8ae820",
                "sha256:39cf9ed17fe3b1bc81f33c9ceb6ce67683ee7526e65fde1447c772afc54a1bb8",
                "sha256:3ae1de54a77dc0d6d5fcf623290af4266412a7c4be0b1ff7444394f03f5c54e3",
                "sha256:3b590df687e3c5ee0deef9fc8c547d81986d9a1b56073d82de008744452d6541",
                "sha256:3e45867f1f2ab0711d60c6c71746ac53537f1684baa699f4f668d4c6f6ce8e14",
                "sha256:3fc1c4a2ffd64890aebdb3f97e1278b0cc72579a08ca4de8cd2c04799a3a22be",
                "sha256:4457ea6774b5611f4bed5eaa5df55f70abde42364d498c5134b7ef4c6958e20e",
                "sha256:44ba614de5361b3e5278e1241fda3dc1838deed864b50a10d7ce92983797fa76",
                "sha256:4a8fcf28c05c1f6d7e177a9a46a1c52798bfe2ad80681d275b10dcf317deaf0b",
                "sha256:4b0d02d7102dd0f997580b51edc4cebcf2ab6397a7edf89f1c73b586c614272c",
                "sha256:502218f52498a36d6bf5ea77081844017bf7982cdbe521ad85e64cabee1b608b",
                "sha256:503e65837c71b875ecdd733877d852adbc465bd82c768a067badd953bf1bc5a3",
                "sha256:5995f0164fa7df59db4746112fec3f49c461dd6b31b841873443bdb077c13cfc",
                "sha256:59e5686dd847347e55dffcc191a96622f016bc0ad89105e24c14e0d6305acbc6",
                "sha256:601f36512f9e28f029d9481bdaf8e89e5148ac5d89cffd3b05cd533eeb423b59",
                "sha256:608862a7bf6957f2333fc54ab4399e405baad0163dc9f8d99cb236816db169d4",
                "sha256:62595ab75873d50d57323a91dd03e6966eb79c41fa834b7a1661ed043b2d404d",
                "sha256:70990b9c51340e4044cfc394a81f614f3f90d41397104d226f21e66de668730d",
                "sha256:71140351489970dfe5e60fc621ada3e0f41104a5eddaca47a7acb3c1b851d6d3",
                "sha256:72966d1b297c741541ca8cf1223ff262a6febe52481af742036a0b296e35fa5a",
                "sha256:74292fc76c905c0ef095fe11e188a32ebd03bc38f3f3e9bcb85e4e6db177b7ea",
                "sha256:761e8904c07ad053d285670f36dd94e1b6ab7f16ce62b9805c475b7aa1cffde6",
                "sha256:772b87914ff1152b92a197ef4ea40efe27a378606c39446ded52c8f80f79702e",
                "sha256:79909e27e8e4fcc9db4addea88aa63f6423ebb171db091fb4373e3312cb6d603",
                "sha256:7e189e2e1d3ed2f4aebabd2d5b0f931e883676e51c7624826e0a4e5fe8a0bf24",
                "sha256:7eb33a30d75562222b64f569c642ff3dc6689e09adda43a082208397f016c39a",
                "sha256:81d6741ab457d14fdedc215516665050f3822d3e56508921cc7239f8c8e66a58",
                "sha256:8499ca8f4502af841f68135133d8258f7b32a53a1d594aa98cc52013fff55678",
                "sha256:84c3990934bae40ea69a82034912ffe5a62c60bbf6ec5bc9691419641d7d5c9a",
                "sha256:87701167f2a5c930b403e9756fab1d31d4d4da52856143b609e30a1ce7160f3c",
                "sha256:88600c72ef7587fe1708fd242b385b6ed4b8904976d5da0893e31df8b3480cb6",
                "sha256:8ac7b6a045b814cf0c47f3623d21ebd88b3e8cf216a14790b455ea7ff0135d18",
                "sha256:8b8af03d2e37866d023ad0ddea594edefc31e827fee64f8de5611a1dbc373174",
                "sha256:8c7fe7afa480e3e82eed58e0ca89f751cd14d767638e2550c77a92a9e749c317",
                "sha256:8eade758719add78ec36dc13201483f8e9b5d940329285edcd5f70c0a9edbd7f",
                "sha256:911d8a40b2bef5b8bbae2e36a0b103f142ac53557ab421dc16ac4aafee6f53dc",
                "sha256:93ad6d87ac18e2a90b0fe89df7c65263b9a99a0eb98f0a3d2e079f12a0735837",
                "sha256:95dea361dd73757c6f1c0a1480ac499952c16ac83f7f5f4f84f0658a01b8ef41",
                "sha256:9ab77acb98eba3fd2a85cd160851816bfce6871d944d885febf012713f06659c",
                "sha256:9cb3032517f1627cc012dbc80a8ec976ae76d93ea2b5feaa9d2a5b8882597579",
                "sha256:9cf4e8ad252f7c38dd1f676b46514f92dc0ebeb0db5552f5f403509705e24753",
                "sha256:9d9153257a3f70d5f69edf2325357251ed20f772b12e593f3b3377b5f78e7ef8",
                "sha256:a152f5f33d64a6be73f1d30c9cc82dfc73cec6477ec268e7c6e4c7d23c2d2291",
                "sha256:a16418ecf1329f71df119e8a65f3aa68004a3f9383821edcb20f0702934d8087",
                "sha256:a60332922359f920193b1d4826953c507a877b523b2395ad7bc716ddd386d866",
                "sha256:a8d0fc946c784ff7f7c3742310cc8a57c5c6dc31631269876a88b809dbeff3d3",
                "sha256:ab5de034a886f616a5668aa5d098af2b5385ed70142090e2a31bcbd0af0fdb3d",
                "sha256:c22d3fe05ce11d3671297dc8973267daa0f938b93ec716e12e0f6dee81591dc1",
                "sha256:c2ac1b08635a8cd4e0cbeaf6f5e922085908d48eb05d44c5ae9eabab148512ca",
                "sha256:c512accbd6ff0270939b9ac214b84fb5ada5f0409c44298361b2f5e13f9aed9e",
                "sha256:c75ffc45f25324e68ab238cb4b5c0a38cd1c3d7f1fb1f72b5541de469e2247db",
                "sha256:c95a03c79bbe30eec3ec2b7f076074f4281526724c8685a42872974ef4d36b72",
                "sha256:cadaeaba78750d58d3cc6ac4d1fd867da6fc73c88156b7a3212a3cd4819d679d",
                "sha256:cd6056167405314a4dc3c173943f11249fa0f1b204f8b51ed4bde1a9cd1834dc",
                "sha256:db72b07027db150f468fbada4d85b3b2729a3db39178abf5c543b784c1254539",
                "sha256:df2c707231459e8a4028eabcd3cfc827befd635b3ef72eada84ab13b52e1574d",
                "sha256:e62164b50f84e20601c1ff8eb55620d2ad25fb81b59e3cd776a1902527a788af",
                "sha256:e696f0dd336161fca9adbb846875d40752e6eba585843c768935ba5c9960722b",
                "sha256:eaa379fcd227ca235d04152ca6704c7cb55564116f8bc52545ff357628e10602",
                "sha256:ebea339af930f8ca5d7a699b921106c6e29c617fe9606fa7baa043c1cdae326f",
                "sha256:f4c39b0e3eac288fedc2b43055cfc2ca7a60362d0e5e87a637beac5d801ef478",
                "sha256:f5057856d21e7586765171eac8b9fc3f7d44ef39425f85dbcccb13b3ebea806c",
                "sha256:f6f45710b4459401609ebebdbcfb34515da4fc2aa886f95107f556ac69a9147e",
                "sha256:f97e83fa6c25693c7a35de154681fcc257c1c41b38beb0304b9c4d2d9e164479",
                "sha256:f9d0c5c045a3ca9bedfc35dca8526798eb91a07aa7a2c0fee134c6c6f321cbd7",
                "sha256:ff6f3db31555657f3163b15a6b7c6938d08df7adbfc9dd13d9d19edad678f1e8"
            ],
            "version": "==3.0.1"
        },
        "click": {
            "hashes": [
                "sha256:d2b5255c7c6349bc1bd1e59e08cd12acbbd63ce649f2588755783aa94dfb6b1a",
                "sha256:dacca89f4bfadd5de3d7489b7c8a566eee0d3676333fbb50030263894c38c0dc"
            ],
            "index": "pypi",
            "version": "==7.1.2"
        },
        "flask": {
            "hashes": [
                "sha256:0fbeb6180d383a9186d0d6ed954e0042ad9f18e0e8de088b2b419d526927d196",
                "sha256:c34f04500f2cbbea882b1acb02002ad6fe6b7ffa64a6164577995657f50aed22"
            ],
            "index": "pypi",
            "version": "==1.1.4"
        },
        "flask-restful": {
            "hashes": [
                "sha256:5ea9a5991abf2cb69b4aac19793faac6c032300505b325687d7c305ffaa76915",
                "sha256:d891118b951921f1cec80cabb4db98ea6058a35e6404788f9e70d5b243813ec2"
            ],
            "index": "pypi",
            "version": "==0.3.8"
        },
        "flask-sqlalchemy": {
            "hashes": [
                "sha256:0b656fbf87c5f24109d859bafa791d29751fabbda2302b606881ae5485b557a5",
                "sha256:fcfe6df52cd2ed8a63008ca36b86a51fa7a4b70cef1c39e5625f722fca32308e"
            ],
            "index": "pypi",
            "version": "==2.4.3"
        },
        "idna": {
            "hashes": [
                "sha256:814f528e8dead7d329833b91c5faa87d60bf71824cd12a7530b5526063d02cb4",
                "sha256:90b77e79eaa3eba6de819a0c442c0b4ceefc341a7a2ab77d7562bf49f425c5c2"
            ],
            "markers": "python_version >= '3.5'",
            "version": "==3.4"
        },
        "itsdangerous": {
            "hashes": [
                "sha256:321b033d07f2a4136d3ec762eac9f16a10ccd60f53c0c91af90217ace7ba1f19",
                "sha256:b12271b2047cb23eeb98c8b5622e2e5c5e9abd9784a153e9d8ef9cb4dd09d749"
            ],
            "index": "pypi",
            "version": "==1.1.0"
        },
        "jinja2": {
            "hashes": [
                "sha256:89aab215427ef59c34ad58735269eb58b1a5808103067f7bb9d5836c651b3bb0",
                "sha256:f0a4641d3cf955324a89c04f3d94663aa4d638abe8f733ecd3582848e1c37035"
            ],
            "index": "pypi",
            "version": "==2.11.2"
        },
        "markupsafe": {
            "hashes": [
                "sha256:00bc623926325b26bb9605ae9eae8a215691f33cae5df11ca5424f06f2d1f473",
                "sha256:09027a7803a62ca78792ad89403b1b7a73a01c8cb65909cd876f7fcebd79b161",
                "sha256:09c4b7f37d6c648cb13f9230d847adf22f8171b1ccc4d5682398e77f40309235",
                "sha256:1027c282dad077d0bae18be6794e6b6b8c91d58ed8a8d89a89d59693b9131db5",
                "sha256:13d3144e1e340870b25e7b10b98d779608c02016d5184cfb9927a9f10c689f42",
                "sha256:195d7d2c4fbb0ee8139a6cf67194f3973a6b3042d742ebe0a9ed36d8b6f0c07f",
                "sha256:22c178a091fc6630d0d045bdb5992d2dfe14e3259760e713c490da5323866c39",
                "sha256:24982cc2533820871eba85ba648cd53d8623687ff11cbb805be4ff7b4c971aff",
                "sha256:29872e92839765e546828bb7754a68c418d927cd064fd4708fab9fe9c8bb116b",
                "sha256:2beec1e0de6924ea551859edb9e7679da6e4870d32cb766240ce17e0a0ba2014",
                "sha256:3b8a6499709d29c2e2399569d96719a1b21dcd94410a586a18526b143ec8470f",
                "sha256:43a55c2930bbc139570ac2452adf3d70cdbb3cfe5912c71cdce1c2c6bbd9c5d1",
                "sha256:46c99d2de99945ec5cb54f23c8cd5689f6d7177305ebff350a58ce5f8de1669e",
                "sha256:500d4957e52ddc3351cabf489e79c91c17f6e0899158447047588650b5e69183",
                "sha256:535f6fc4d397c1563d08b88e485c3496cf5784e927af890fb3c3aac7f933ec66",
                "sha256:596510de112c685489095da617b5bcbbac7dd6384aeebeda4df6025d0256a81b",
                "sha256:62fe6c95e3ec8a7fad637b7f3d372c15ec1caa01ab47926cfdf7a75b40e0eac1",
                "sha256:6788b695d50a51edb699cb55e35487e430fa21f1ed838122d722e0ff0ac5ba15",
                "sha256:6dd73240d2af64df90aa7c4e7481e23825ea70af4b4922f8ede5b9e35f78a3b1",
                "sha256:6f1e273a344928347c1290119b493a1f0303c52f5a5eae5f16d74f48c15d4a85",
                "sha256:6fffc775d90dcc9aed1b89219549b329a9250d918fd0b8fa8d93d154918422e1",
                "sha256:717ba8fe3ae9cc0006d7c451f0bb265ee07739daf76355d06366154ee68d221e",
                "sha256:79855e1c5b8da654cf486b830bd42c06e8780cea587384cf6545b7d9ac013a0b",
                "sha256:7c1699dfe0cf8ff607dbdcc1e9b9af1755371f92a68f706051cc8c37d447c905",
                "sha256:7fed13866cf14bba33e7176717346713881f56d9d2bcebab207f7a036f41b850",
                "sha256:84dee80c15f1b560d55bcfe6d47b27d070b4681c699c572af2e3c7cc90a3b8e0",
                "sha256:88e5fcfb52ee7b911e8bb6d6aa2fd21fbecc674eadd44118a9cc3863f938e735",
                "sha256:8defac2f2ccd6805ebf65f5eeb132adcf2ab57aa11fdf4c0dd5169a004710e7d",
                "sha256:98bae9582248d6cf62321dcb52aaf5d9adf0bad3b40582925ef7c7f0ed85fceb",
                "sha256:98c7086708b163d425c67c7a91bad6e466bb99d797aa64f965e9d25c12111a5e",
                "sha256:9add70b36c5666a2ed02b43b335fe19002ee5235efd4b8a89bfcf9005bebac0d",
                "sha256:9bf40443012702a1d2070043cb6291650a0841ece432556f784f004937f0f32c",
                "sha256:a6a744282b7718a2a62d2ed9d993cad6f5f585605ad352c11de459f4108df0a1",
                "sha256:acf08ac40292838b3cbbb06cfe9b2cb9ec78fce8baca31ddb87aaac2e2dc3bc2",
                "sha256:ade5e387d2ad0d7ebf59146cc00c8044acbd863725f887353a10df825fc8ae21",
                "sha256:b00c1de48212e4cc9603895652c5c410df699856a2853135b3967591e4beebc2",
                "sha256:b1282f8c00509d99fef04d8ba936b156d419be841854fe901d8ae224c59f0be5",
                "sha256:b1dba4527182c95a0db8b6060cc98ac49b9e2f5e64320e2b56e47cb2831978c7",
                "sha256:b2051432115498d3562c084a49bba65d97cf251f5a331c64a12ee7e04dacc51b",
                "sha256:b7d644ddb4dbd407d31ffb699f1d140bc35478da613b441c582aeb7c43838dd8",
                "sha256:ba59edeaa2fc6114428f1637ffff42da1e311e29382d81b339c1817d37ec93c6",
                "sha256:bf5aa3cbcfdf57fa2ee9cd1822c862ef23037f5c832ad09cfea57fa846dec193",
                "sha256:c8716a48d94b06bb3b2524c2b77e055fb313aeb4ea620c8dd03a105574ba704f",
                "sha256:caabedc8323f1e93231b52fc32bdcde6db817623d33e100708d9a68e1f53b26b",
                "sha256:cd5df75523866410809ca100dc9681e301e3c27567cf498077e8551b6d20e42f",
                "sha256:cdb132fc825c38e1aeec2c8aa9338310d29d337bebbd7baa06889d09a60a1fa2",
                "sha256:d53bc011414228441014aa71dbec320c66468c1030aae3a6e29778a3382d96e5",
                "sha256:d73a845f227b0bfe8a7455ee623525ee656a9e2e749e4742706d80a6065d5e2c",
                "sha256:d9be0ba6c527163cbed5e0857c451fcd092ce83947944d6c14bc95441203f032",
                "sha256:e249096428b3ae81b08327a63a485ad0878de3fb939049038579ac0ef61e17e7",
                "sha256:e8313f01ba26fbbe36c7be1966a7b7424942f670f38e666995b88d012765b9be",
                "sha256:feb7b34d6325451ef96bc0e36e1a6c0c1c64bc1fbec4b854f4529e51887b1621"
            ],
            "index": "pypi",
            "version": "==1.1.1"
        },
        "pytz": {
            "hashes": [
                "sha256:a494d53b6d39c3c6e44c3bec237336e14305e4f29bbf800b599253057fbb79ed",
                "sha256:c35965d010ce31b23eeb663ed3cc8c906275d6be1a34393a1d73a41febf4a048"
            ],
            "index": "pypi",
            "version": "==2020.1"
        },
        "requests": {
            "hashes": [
                "sha256:64299f4909223da747622c030b781c0d7811e359c37124b4bd368fb8c6518baa",
                "sha256:98b1b2782e3c6c4904938b84c0eb932721069dfdb9134313beff7c83c2df24bf"
            ],
            "index": "pypi",
            "version": "==2.28.2"
        },
        "six": {
            "hashes": [
                "sha256:30639c035cdb23534cd4aa2dd52c3bf48f06e5f4a941509c8bafd8ce11080259",
                "sha256:8b74bedcbbbaca38ff6d7491d76f2b06b3592611af620f8426e82dddb04a5ced"
            ],
            "index": "pypi",
            "version": "==1.15.0"
        },
        "sqlalchemy": {
            "hashes": [
                "sha256:0942a3a0df3f6131580eddd26d99071b48cfe5aaf3eab2783076fbc5a1c1882e",
                "sha256:0ec575db1b54909750332c2e335c2bb11257883914a03bc5a3306a4488ecc772",
                "sha256:109581ccc8915001e8037b73c29590e78ce74be49ca0a3630a23831f9e3ed6c7",
                "sha256:16593fd748944726540cd20f7e83afec816c2ac96b082e26ae226e8f7e9688cf",
                "sha256:427273b08efc16a85aa2b39892817e78e3ed074fcb89b2a51c4979bae7e7ba98",
                "sha256:50c4ee32f0e1581828843267d8de35c3298e86ceecd5e9017dc45788be70a864",
                "sha256:512a85c3c8c3995cc91af3e90f38f460da5d3cade8dc3a229c8e0879037547c9",
                "sha256:57aa843b783179ab72e863512e14bdcba186641daf69e4e3a5761d705dcc35b1",
                "sha256:621f58cd921cd71ba6215c42954ffaa8a918eecd8c535d97befa1a8acad986dd",
                "sha256:6ac2558631a81b85e7fb7a44e5035347938b0a73f5fdc27a8566777d0792a6a4",
                "sha256:716754d0b5490bdcf68e1e4925edc02ac07209883314ad01a137642ddb2056f1",
                "sha256:736d41cfebedecc6f159fc4ac0769dc89528a989471dc1d378ba07d29a60ba1c",
                "sha256:8619b86cb68b185a778635be5b3e6018623c0761dde4df2f112896424aa27bd8",
                "sha256:87fad64529cde4f1914a5b9c383628e1a8f9e3930304c09cf22c2ae118a1280e",
                "sha256:89494df7f93b1836cae210c42864b292f9b31eeabca4810193761990dc689cce",
                "sha256:8cac7bb373a5f1423e28de3fd5fc8063b9c8ffe8957dc1b1a59cb90453db6da1",
                "sha256:8fd452dc3d49b3cc54483e033de6c006c304432e6f84b74d7b2c68afa2569ae5",
                "sha256:adad60eea2c4c2a1875eb6305a0b6e61a83163f8e233586a4d6a55221ef984fe",
                "sha256:c26f95e7609b821b5f08a72dab929baa0d685406b953efd7c89423a511d5c413",
                "sha256:cbe1324ef52ff26ccde2cb84b8593c8bf930069dfc06c1e616f1bfd4e47f48a3",
                "sha256:d05c4adae06bd0c7f696ae3ec8d993ed8ffcc4e11a76b1b35a5af8a099bd2284",
                "sha256:d98bc827a1293ae767c8f2f18be3bb5151fd37ddcd7da2a5f9581baeeb7a3fa1",
                "sha256:da2fb75f64792c1fc64c82313a00c728a7c301efe6a60b7a9fe35b16b4368ce7",
                "sha256:e4624d7edb2576cd72bb83636cd71c8ce544d8e272f308bd80885056972ca299",
                "sha256:e89e0d9e106f8a9180a4ca92a6adde60c58b1b0299e1b43bd5e0312f535fbf33",
                "sha256:f11c2437fb5f812d020932119ba02d9e2bc29a6eca01a055233a8b449e3e1e7d",
                "sha256:f57be5673e12763dd400fea568608700a63ce1c6bd5bdbc3cc3a2c5fdb045274",
                "sha256:fc728ece3d5c772c196fd338a99798e7efac7a04f9cb6416299a3638ee9a94cd"
            ],
            "index": "pypi",
            "version": "==1.3.18"
        },
        "urllib3": {
            "hashes": [
                "sha256:076907bf8fd355cde77728471316625a4d2f7e713c125f51953bb5b3eecf4f72",
                "sha256:75edcdc2f7d85b137124a6c3c9fc3933cdeaa12ecb9a6a959f22797a0feca7e1"
            ],
            "markers": "python_version >= '2.7' and python_version not in '3.0, 3.1, 3.2, 3.3, 3.4, 3.5'",
            "version": "==1.26.14"
        },
        "werkzeug": {
            "hashes": [
                "sha256:2de2a5db0baeae7b2d2664949077c2ac63fbd16d98da0ff71837f7d1dea3fd43",
                "sha256:6c80b1e5ad3665290ea39320b91e1be1e0d5f60652b964a3070216de83d2e47c"
            ],
            "index": "pypi",
            "version": "==1.0.1"
        }
    },
    "develop": {}
}
